// !$*UTF8*$!
{
	archiveVersion = 1;
	classes = {
	};
	objectVersion = 46;
	objects = {

/* Begin PBXBuildFile section */
		B03C17EB1D4ECF50008146A0 /* AppDelegate.swift in Sources */ = {isa = PBXBuildFile; fileRef = B03C17EA1D4ECF50008146A0 /* AppDelegate.swift */; };
		B03C17ED1D4ECF50008146A0 /* MainPageViewController.swift in Sources */ = {isa = PBXBuildFile; fileRef = B03C17EC1D4ECF50008146A0 /* MainPageViewController.swift */; };
		B03C17F01D4ECF50008146A0 /* Main.storyboard in Resources */ = {isa = PBXBuildFile; fileRef = B03C17EE1D4ECF50008146A0 /* Main.storyboard */; };
		B03C17F31D4ECF50008146A0 /* NewWeather.xcdatamodeld in Sources */ = {isa = PBXBuildFile; fileRef = B03C17F11D4ECF50008146A0 /* NewWeather.xcdatamodeld */; };
		B03C17F51D4ECF50008146A0 /* Assets.xcassets in Resources */ = {isa = PBXBuildFile; fileRef = B03C17F41D4ECF50008146A0 /* Assets.xcassets */; };
		B03C17F81D4ECF50008146A0 /* LaunchScreen.storyboard in Resources */ = {isa = PBXBuildFile; fileRef = B03C17F61D4ECF50008146A0 /* LaunchScreen.storyboard */; };
		B03C18031D4ECF50008146A0 /* NewWeatherTests.swift in Sources */ = {isa = PBXBuildFile; fileRef = B03C18021D4ECF50008146A0 /* NewWeatherTests.swift */; };
		B03C180E1D4ECF50008146A0 /* NewWeatherUITests.swift in Sources */ = {isa = PBXBuildFile; fileRef = B03C180D1D4ECF50008146A0 /* NewWeatherUITests.swift */; };
		B0528C671D5F3F23001726C4 /* SetConstants.swift in Sources */ = {isa = PBXBuildFile; fileRef = B0528C661D5F3F23001726C4 /* SetConstants.swift */; };
		B0528C6B1D5F496B001726C4 /* SettingsViewController.swift in Sources */ = {isa = PBXBuildFile; fileRef = B0528C6A1D5F496B001726C4 /* SettingsViewController.swift */; };
		B06B81611D770D6300C042D5 /* Pods_NewWeather.framework in Frameworks */ = {isa = PBXBuildFile; fileRef = F18DE3872EB9C19025051E2F /* Pods_NewWeather.framework */; };
		B0D4F1591D77131100CF9C6E /* SetTimeLocationViewController.swift in Sources */ = {isa = PBXBuildFile; fileRef = B0D4F1581D77131100CF9C6E /* SetTimeLocationViewController.swift */; };
		CA1FECE24A7CB4047D618056 /* Pods_NewWeatherTests.framework in Frameworks */ = {isa = PBXBuildFile; fileRef = 12C1B6348811AE6E77F05140 /* Pods_NewWeatherTests.framework */; };
		DE5EAE133287B33C41C281E8 /* Pods_NewWeatherUITests.framework in Frameworks */ = {isa = PBXBuildFile; fileRef = 3A5B947FABD6B92F30716256 /* Pods_NewWeatherUITests.framework */; };
/* End PBXBuildFile section */

/* Begin PBXContainerItemProxy section */
		B03C17FF1D4ECF50008146A0 /* PBXContainerItemProxy */ = {
			isa = PBXContainerItemProxy;
			containerPortal = B03C17DF1D4ECF50008146A0 /* Project object */;
			proxyType = 1;
			remoteGlobalIDString = B03C17E61D4ECF50008146A0;
			remoteInfo = NewWeather;
		};
		B03C180A1D4ECF50008146A0 /* PBXContainerItemProxy */ = {
			isa = PBXContainerItemProxy;
			containerPortal = B03C17DF1D4ECF50008146A0 /* Project object */;
			proxyType = 1;
			remoteGlobalIDString = B03C17E61D4ECF50008146A0;
			remoteInfo = NewWeather;
		};
/* End PBXContainerItemProxy section */

/* Begin PBXFileReference section */
		12C1B6348811AE6E77F05140 /* Pods_NewWeatherTests.framework */ = {isa = PBXFileReference; explicitFileType = wrapper.framework; includeInIndex = 0; path = Pods_NewWeatherTests.framework; sourceTree = BUILT_PRODUCTS_DIR; };
		20E44A377B032319FEE49088 /* Pods-NewWeather.debug.xcconfig */ = {isa = PBXFileReference; includeInIndex = 1; lastKnownFileType = text.xcconfig; name = "Pods-NewWeather.debug.xcconfig"; path = "Pods/Target Support Files/Pods-NewWeather/Pods-NewWeather.debug.xcconfig"; sourceTree = "<group>"; };
		35F2DEB834081EE6370A15B6 /* Pods-NewWeatherTests.release.xcconfig */ = {isa = PBXFileReference; includeInIndex = 1; lastKnownFileType = text.xcconfig; name = "Pods-NewWeatherTests.release.xcconfig"; path = "Pods/Target Support Files/Pods-NewWeatherTests/Pods-NewWeatherTests.release.xcconfig"; sourceTree = "<group>"; };
		3A5B947FABD6B92F30716256 /* Pods_NewWeatherUITests.framework */ = {isa = PBXFileReference; explicitFileType = wrapper.framework; includeInIndex = 0; path = Pods_NewWeatherUITests.framework; sourceTree = BUILT_PRODUCTS_DIR; };
		3D0DE8F88621081CF0E6A9BD /* Pods-NewWeatherUITests.release.xcconfig */ = {isa = PBXFileReference; includeInIndex = 1; lastKnownFileType = text.xcconfig; name = "Pods-NewWeatherUITests.release.xcconfig"; path = "Pods/Target Support Files/Pods-NewWeatherUITests/Pods-NewWeatherUITests.release.xcconfig"; sourceTree = "<group>"; };
		7BBA9C03BED8FE872AF4958C /* Pods-NewWeather.release.xcconfig */ = {isa = PBXFileReference; includeInIndex = 1; lastKnownFileType = text.xcconfig; name = "Pods-NewWeather.release.xcconfig"; path = "Pods/Target Support Files/Pods-NewWeather/Pods-NewWeather.release.xcconfig"; sourceTree = "<group>"; };
		B03C17E71D4ECF50008146A0 /* NewWeather.app */ = {isa = PBXFileReference; explicitFileType = wrapper.application; includeInIndex = 0; path = NewWeather.app; sourceTree = BUILT_PRODUCTS_DIR; };
		B03C17EA1D4ECF50008146A0 /* AppDelegate.swift */ = {isa = PBXFileReference; lastKnownFileType = sourcecode.swift; path = AppDelegate.swift; sourceTree = "<group>"; };
		B03C17EC1D4ECF50008146A0 /* MainPageViewController.swift */ = {isa = PBXFileReference; lastKnownFileType = sourcecode.swift; path = MainPageViewController.swift; sourceTree = "<group>"; };
		B03C17EF1D4ECF50008146A0 /* Base */ = {isa = PBXFileReference; lastKnownFileType = file.storyboard; name = Base; path = Base.lproj/Main.storyboard; sourceTree = "<group>"; };
		B03C17F21D4ECF50008146A0 /* NewWeather.xcdatamodel */ = {isa = PBXFileReference; lastKnownFileType = wrapper.xcdatamodel; path = NewWeather.xcdatamodel; sourceTree = "<group>"; };
		B03C17F41D4ECF50008146A0 /* Assets.xcassets */ = {isa = PBXFileReference; lastKnownFileType = folder.assetcatalog; path = Assets.xcassets; sourceTree = "<group>"; };
		B03C17F71D4ECF50008146A0 /* Base */ = {isa = PBXFileReference; lastKnownFileType = file.storyboard; name = Base; path = Base.lproj/LaunchScreen.storyboard; sourceTree = "<group>"; };
		B03C17F91D4ECF50008146A0 /* Info.plist */ = {isa = PBXFileReference; lastKnownFileType = text.plist.xml; path = Info.plist; sourceTree = "<group>"; };
		B03C17FE1D4ECF50008146A0 /* NewWeatherTests.xctest */ = {isa = PBXFileReference; explicitFileType = wrapper.cfbundle; includeInIndex = 0; path = NewWeatherTests.xctest; sourceTree = BUILT_PRODUCTS_DIR; };
		B03C18021D4ECF50008146A0 /* NewWeatherTests.swift */ = {isa = PBXFileReference; lastKnownFileType = sourcecode.swift; path = NewWeatherTests.swift; sourceTree = "<group>"; };
		B03C18041D4ECF50008146A0 /* Info.plist */ = {isa = PBXFileReference; lastKnownFileType = text.plist.xml; path = Info.plist; sourceTree = "<group>"; };
		B03C18091D4ECF50008146A0 /* NewWeatherUITests.xctest */ = {isa = PBXFileReference; explicitFileType = wrapper.cfbundle; includeInIndex = 0; path = NewWeatherUITests.xctest; sourceTree = BUILT_PRODUCTS_DIR; };
		B03C180D1D4ECF50008146A0 /* NewWeatherUITests.swift */ = {isa = PBXFileReference; lastKnownFileType = sourcecode.swift; path = NewWeatherUITests.swift; sourceTree = "<group>"; };
		B03C180F1D4ECF50008146A0 /* Info.plist */ = {isa = PBXFileReference; lastKnownFileType = text.plist.xml; path = Info.plist; sourceTree = "<group>"; };
		B0528C661D5F3F23001726C4 /* SetConstants.swift */ = {isa = PBXFileReference; fileEncoding = 4; lastKnownFileType = sourcecode.swift; path = SetConstants.swift; sourceTree = "<group>"; };
		B0528C6A1D5F496B001726C4 /* SettingsViewController.swift */ = {isa = PBXFileReference; fileEncoding = 4; lastKnownFileType = sourcecode.swift; path = SettingsViewController.swift; sourceTree = "<group>"; };
		B0D4F1581D77131100CF9C6E /* SetTimeLocationViewController.swift */ = {isa = PBXFileReference; fileEncoding = 4; lastKnownFileType = sourcecode.swift; path = SetTimeLocationViewController.swift; sourceTree = "<group>"; };
		D7E335B79F6146C3A696B49B /* Pods-NewWeatherTests.debug.xcconfig */ = {isa = PBXFileReference; includeInIndex = 1; lastKnownFileType = text.xcconfig; name = "Pods-NewWeatherTests.debug.xcconfig"; path = "Pods/Target Support Files/Pods-NewWeatherTests/Pods-NewWeatherTests.debug.xcconfig"; sourceTree = "<group>"; };
		F18DE3872EB9C19025051E2F /* Pods_NewWeather.framework */ = {isa = PBXFileReference; explicitFileType = wrapper.framework; includeInIndex = 0; path = Pods_NewWeather.framework; sourceTree = BUILT_PRODUCTS_DIR; };
		F3E44D6245696C40204A495A /* Pods-NewWeatherUITests.debug.xcconfig */ = {isa = PBXFileReference; includeInIndex = 1; lastKnownFileType = text.xcconfig; name = "Pods-NewWeatherUITests.debug.xcconfig"; path = "Pods/Target Support Files/Pods-NewWeatherUITests/Pods-NewWeatherUITests.debug.xcconfig"; sourceTree = "<group>"; };
/* End PBXFileReference section */

/* Begin PBXFrameworksBuildPhase section */
		B03C17E41D4ECF50008146A0 /* Frameworks */ = {
			isa = PBXFrameworksBuildPhase;
			buildActionMask = 2147483647;
			files = (
				B06B81611D770D6300C042D5 /* Pods_NewWeather.framework in Frameworks */,
			);
			runOnlyForDeploymentPostprocessing = 0;
		};
		B03C17FB1D4ECF50008146A0 /* Frameworks */ = {
			isa = PBXFrameworksBuildPhase;
			buildActionMask = 2147483647;
			files = (
				CA1FECE24A7CB4047D618056 /* Pods_NewWeatherTests.framework in Frameworks */,
			);
			runOnlyForDeploymentPostprocessing = 0;
		};
		B03C18061D4ECF50008146A0 /* Frameworks */ = {
			isa = PBXFrameworksBuildPhase;
			buildActionMask = 2147483647;
			files = (
				DE5EAE133287B33C41C281E8 /* Pods_NewWeatherUITests.framework in Frameworks */,
			);
			runOnlyForDeploymentPostprocessing = 0;
		};
/* End PBXFrameworksBuildPhase section */

/* Begin PBXGroup section */
		1B468374FE20DE259CDE9709 /* Pods */ = {
			isa = PBXGroup;
			children = (
				20E44A377B032319FEE49088 /* Pods-NewWeather.debug.xcconfig */,
				7BBA9C03BED8FE872AF4958C /* Pods-NewWeather.release.xcconfig */,
				D7E335B79F6146C3A696B49B /* Pods-NewWeatherTests.debug.xcconfig */,
				35F2DEB834081EE6370A15B6 /* Pods-NewWeatherTests.release.xcconfig */,
				F3E44D6245696C40204A495A /* Pods-NewWeatherUITests.debug.xcconfig */,
				3D0DE8F88621081CF0E6A9BD /* Pods-NewWeatherUITests.release.xcconfig */,
			);
			name = Pods;
			sourceTree = "<group>";
		};
		B03C17DE1D4ECF50008146A0 = {
			isa = PBXGroup;
			children = (
				B03C17E91D4ECF50008146A0 /* NewWeather */,
				B03C18011D4ECF50008146A0 /* NewWeatherTests */,
				B03C180C1D4ECF50008146A0 /* NewWeatherUITests */,
				B03C17E81D4ECF50008146A0 /* Products */,
				1B468374FE20DE259CDE9709 /* Pods */,
				CF4CBCEE7238AA56DCA4F556 /* Frameworks */,
			);
			sourceTree = "<group>";
		};
		B03C17E81D4ECF50008146A0 /* Products */ = {
			isa = PBXGroup;
			children = (
				B03C17E71D4ECF50008146A0 /* NewWeather.app */,
				B03C17FE1D4ECF50008146A0 /* NewWeatherTests.xctest */,
				B03C18091D4ECF50008146A0 /* NewWeatherUITests.xctest */,
			);
			name = Products;
			sourceTree = "<group>";
		};
		B03C17E91D4ECF50008146A0 /* NewWeather */ = {
			isa = PBXGroup;
			children = (
				B03C17EA1D4ECF50008146A0 /* AppDelegate.swift */,
				B0528C691D5F492F001726C4 /* ViewControllers */,
				B03C17EE1D4ECF50008146A0 /* Main.storyboard */,
				B0528C681D5F4924001726C4 /* ConstantsAndSettings */,
				B03C17F41D4ECF50008146A0 /* Assets.xcassets */,
				B03C17F61D4ECF50008146A0 /* LaunchScreen.storyboard */,
				B03C17F91D4ECF50008146A0 /* Info.plist */,
				B03C17F11D4ECF50008146A0 /* NewWeather.xcdatamodeld */,
			);
			path = NewWeather;
			sourceTree = "<group>";
		};
		B03C18011D4ECF50008146A0 /* NewWeatherTests */ = {
			isa = PBXGroup;
			children = (
				B03C18021D4ECF50008146A0 /* NewWeatherTests.swift */,
				B03C18041D4ECF50008146A0 /* Info.plist */,
			);
			path = NewWeatherTests;
			sourceTree = "<group>";
		};
		B03C180C1D4ECF50008146A0 /* NewWeatherUITests */ = {
			isa = PBXGroup;
			children = (
				B03C180D1D4ECF50008146A0 /* NewWeatherUITests.swift */,
				B03C180F1D4ECF50008146A0 /* Info.plist */,
			);
			path = NewWeatherUITests;
			sourceTree = "<group>";
		};
		B0528C681D5F4924001726C4 /* ConstantsAndSettings */ = {
			isa = PBXGroup;
			children = (
				B0528C661D5F3F23001726C4 /* SetConstants.swift */,
			);
			name = ConstantsAndSettings;
			sourceTree = "<group>";
		};
		B0528C691D5F492F001726C4 /* ViewControllers */ = {
			isa = PBXGroup;
			children = (
				B03C17EC1D4ECF50008146A0 /* MainPageViewController.swift */,
				B0528C6A1D5F496B001726C4 /* SettingsViewController.swift */,
				B0D4F1581D77131100CF9C6E /* SetTimeLocationViewController.swift */,
			);
			name = ViewControllers;
			sourceTree = "<group>";
		};
		CF4CBCEE7238AA56DCA4F556 /* Frameworks */ = {
			isa = PBXGroup;
			children = (
				F18DE3872EB9C19025051E2F /* Pods_NewWeather.framework */,
				12C1B6348811AE6E77F05140 /* Pods_NewWeatherTests.framework */,
				3A5B947FABD6B92F30716256 /* Pods_NewWeatherUITests.framework */,
			);
			name = Frameworks;
			sourceTree = "<group>";
		};
/* End PBXGroup section */

/* Begin PBXNativeTarget section */
		B03C17E61D4ECF50008146A0 /* NewWeather */ = {
			isa = PBXNativeTarget;
			buildConfigurationList = B03C18121D4ECF50008146A0 /* Build configuration list for PBXNativeTarget "NewWeather" */;
			buildPhases = (
				FBE8284DEE92C1C2B9271406 /* [CP] Check Pods Manifest.lock */,
				B03C17E31D4ECF50008146A0 /* Sources */,
				B03C17E41D4ECF50008146A0 /* Frameworks */,
				B03C17E51D4ECF50008146A0 /* Resources */,
				379E843E1408C68E47C2B075 /* [CP] Embed Pods Frameworks */,
				7DB19179EBD152B440830A23 /* [CP] Copy Pods Resources */,
			);
			buildRules = (
			);
			dependencies = (
			);
			name = NewWeather;
			productName = NewWeather;
			productReference = B03C17E71D4ECF50008146A0 /* NewWeather.app */;
			productType = "com.apple.product-type.application";
		};
		B03C17FD1D4ECF50008146A0 /* NewWeatherTests */ = {
			isa = PBXNativeTarget;
			buildConfigurationList = B03C18151D4ECF50008146A0 /* Build configuration list for PBXNativeTarget "NewWeatherTests" */;
			buildPhases = (
				88C1318A2CBC357EA6A1CB13 /* [CP] Check Pods Manifest.lock */,
				B03C17FA1D4ECF50008146A0 /* Sources */,
				B03C17FB1D4ECF50008146A0 /* Frameworks */,
				B03C17FC1D4ECF50008146A0 /* Resources */,
				3821EB83FCDA21A43C7190B6 /* [CP] Embed Pods Frameworks */,
				4E9C383930E204B348A7C6F3 /* [CP] Copy Pods Resources */,
			);
			buildRules = (
			);
			dependencies = (
				B03C18001D4ECF50008146A0 /* PBXTargetDependency */,
			);
			name = NewWeatherTests;
			productName = NewWeatherTests;
			productReference = B03C17FE1D4ECF50008146A0 /* NewWeatherTests.xctest */;
			productType = "com.apple.product-type.bundle.unit-test";
		};
		B03C18081D4ECF50008146A0 /* NewWeatherUITests */ = {
			isa = PBXNativeTarget;
			buildConfigurationList = B03C18181D4ECF50008146A0 /* Build configuration list for PBXNativeTarget "NewWeatherUITests" */;
			buildPhases = (
				EFEB72FAD188E00D18B6DEFA /* [CP] Check Pods Manifest.lock */,
				B03C18051D4ECF50008146A0 /* Sources */,
				B03C18061D4ECF50008146A0 /* Frameworks */,
				B03C18071D4ECF50008146A0 /* Resources */,
				506CD3EE298B300731E0BCB2 /* [CP] Copy Pods Resources */,
			);
			buildRules = (
			);
			dependencies = (
				B03C180B1D4ECF50008146A0 /* PBXTargetDependency */,
			);
			name = NewWeatherUITests;
			productName = NewWeatherUITests;
			productReference = B03C18091D4ECF50008146A0 /* NewWeatherUITests.xctest */;
			productType = "com.apple.product-type.bundle.ui-testing";
		};
/* End PBXNativeTarget section */

/* Begin PBXProject section */
		B03C17DF1D4ECF50008146A0 /* Project object */ = {
			isa = PBXProject;
			attributes = {
				LastSwiftUpdateCheck = 0730;
				LastUpgradeCheck = 0730;
				ORGANIZATIONNAME = "Kevin Amrein";
				TargetAttributes = {
					B03C17E61D4ECF50008146A0 = {
						CreatedOnToolsVersion = 7.3.1;
						DevelopmentTeam = TBTM6MT2W8;
					};
					B03C17FD1D4ECF50008146A0 = {
						CreatedOnToolsVersion = 7.3.1;
						TestTargetID = B03C17E61D4ECF50008146A0;
					};
					B03C18081D4ECF50008146A0 = {
						CreatedOnToolsVersion = 7.3.1;
						TestTargetID = B03C17E61D4ECF50008146A0;
					};
				};
			};
			buildConfigurationList = B03C17E21D4ECF50008146A0 /* Build configuration list for PBXProject "NewWeather" */;
			compatibilityVersion = "Xcode 3.2";
			developmentRegion = English;
			hasScannedForEncodings = 0;
			knownRegions = (
				en,
				Base,
			);
			mainGroup = B03C17DE1D4ECF50008146A0;
			productRefGroup = B03C17E81D4ECF50008146A0 /* Products */;
			projectDirPath = "";
			projectRoot = "";
			targets = (
				B03C17E61D4ECF50008146A0 /* NewWeather */,
				B03C17FD1D4ECF50008146A0 /* NewWeatherTests */,
				B03C18081D4ECF50008146A0 /* NewWeatherUITests */,
			);
		};
/* End PBXProject section */

/* Begin PBXResourcesBuildPhase section */
		B03C17E51D4ECF50008146A0 /* Resources */ = {
			isa = PBXResourcesBuildPhase;
			buildActionMask = 2147483647;
			files = (
				B03C17F81D4ECF50008146A0 /* LaunchScreen.storyboard in Resources */,
				B03C17F51D4ECF50008146A0 /* Assets.xcassets in Resources */,
				B03C17F01D4ECF50008146A0 /* Main.storyboard in Resources */,
			);
			runOnlyForDeploymentPostprocessing = 0;
		};
		B03C17FC1D4ECF50008146A0 /* Resources */ = {
			isa = PBXResourcesBuildPhase;
			buildActionMask = 2147483647;
			files = (
			);
			runOnlyForDeploymentPostprocessing = 0;
		};
		B03C18071D4ECF50008146A0 /* Resources */ = {
			isa = PBXResourcesBuildPhase;
			buildActionMask = 2147483647;
			files = (
			);
			runOnlyForDeploymentPostprocessing = 0;
		};
/* End PBXResourcesBuildPhase section */

/* Begin PBXShellScriptBuildPhase section */
		379E843E1408C68E47C2B075 /* [CP] Embed Pods Frameworks */ = {
			isa = PBXShellScriptBuildPhase;
			buildActionMask = 2147483647;
			files = (
			);
			inputPaths = (
			);
			name = "[CP] Embed Pods Frameworks";
			outputPaths = (
			);
			runOnlyForDeploymentPostprocessing = 0;
			shellPath = /bin/sh;
			shellScript = "\"${SRCROOT}/Pods/Target Support Files/Pods-NewWeather/Pods-NewWeather-frameworks.sh\"\n";
			showEnvVarsInLog = 0;
		};
		3821EB83FCDA21A43C7190B6 /* [CP] Embed Pods Frameworks */ = {
			isa = PBXShellScriptBuildPhase;
			buildActionMask = 2147483647;
			files = (
			);
			inputPaths = (
			);
			name = "[CP] Embed Pods Frameworks";
			outputPaths = (
			);
			runOnlyForDeploymentPostprocessing = 0;
			shellPath = /bin/sh;
			shellScript = "\"${SRCROOT}/Pods/Target Support Files/Pods-NewWeatherTests/Pods-NewWeatherTests-frameworks.sh\"\n";
			showEnvVarsInLog = 0;
		};
		4E9C383930E204B348A7C6F3 /* [CP] Copy Pods Resources */ = {
			isa = PBXShellScriptBuildPhase;
			buildActionMask = 2147483647;
			files = (
			);
			inputPaths = (
			);
			name = "[CP] Copy Pods Resources";
			outputPaths = (
			);
			runOnlyForDeploymentPostprocessing = 0;
			shellPath = /bin/sh;
			shellScript = "\"${SRCROOT}/Pods/Target Support Files/Pods-NewWeatherTests/Pods-NewWeatherTests-resources.sh\"\n";
			showEnvVarsInLog = 0;
		};
		506CD3EE298B300731E0BCB2 /* [CP] Copy Pods Resources */ = {
			isa = PBXShellScriptBuildPhase;
			buildActionMask = 2147483647;
			files = (
			);
			inputPaths = (
			);
			name = "[CP] Copy Pods Resources";
			outputPaths = (
			);
			runOnlyForDeploymentPostprocessing = 0;
			shellPath = /bin/sh;
			shellScript = "\"${SRCROOT}/Pods/Target Support Files/Pods-NewWeatherUITests/Pods-NewWeatherUITests-resources.sh\"\n";
			showEnvVarsInLog = 0;
		};
		7DB19179EBD152B440830A23 /* [CP] Copy Pods Resources */ = {
			isa = PBXShellScriptBuildPhase;
			buildActionMask = 2147483647;
			files = (
			);
			inputPaths = (
			);
			name = "[CP] Copy Pods Resources";
			outputPaths = (
			);
			runOnlyForDeploymentPostprocessing = 0;
			shellPath = /bin/sh;
			shellScript = "\"${SRCROOT}/Pods/Target Support Files/Pods-NewWeather/Pods-NewWeather-resources.sh\"\n";
			showEnvVarsInLog = 0;
		};
		88C1318A2CBC357EA6A1CB13 /* [CP] Check Pods Manifest.lock */ = {
			isa = PBXShellScriptBuildPhase;
			buildActionMask = 2147483647;
			files = (
			);
			inputPaths = (
			);
			name = "[CP] Check Pods Manifest.lock";
			outputPaths = (
			);
			runOnlyForDeploymentPostprocessing = 0;
			shellPath = /bin/sh;
			shellScript = "diff \"${PODS_ROOT}/../Podfile.lock\" \"${PODS_ROOT}/Manifest.lock\" > /dev/null\nif [[ $? != 0 ]] ; then\n    cat << EOM\nerror: The sandbox is not in sync with the Podfile.lock. Run 'pod install' or update your CocoaPods installation.\nEOM\n    exit 1\nfi\n";
			showEnvVarsInLog = 0;
		};
		EFEB72FAD188E00D18B6DEFA /* [CP] Check Pods Manifest.lock */ = {
			isa = PBXShellScriptBuildPhase;
			buildActionMask = 2147483647;
			files = (
			);
			inputPaths = (
			);
			name = "[CP] Check Pods Manifest.lock";
			outputPaths = (
			);
			runOnlyForDeploymentPostprocessing = 0;
			shellPath = /bin/sh;
			shellScript = "diff \"${PODS_ROOT}/../Podfile.lock\" \"${PODS_ROOT}/Manifest.lock\" > /dev/null\nif [[ $? != 0 ]] ; then\n    cat << EOM\nerror: The sandbox is not in sync with the Podfile.lock. Run 'pod install' or update your CocoaPods installation.\nEOM\n    exit 1\nfi\n";
			showEnvVarsInLog = 0;
		};
		FBE8284DEE92C1C2B9271406 /* [CP] Check Pods Manifest.lock */ = {
			isa = PBXShellScriptBuildPhase;
			buildActionMask = 2147483647;
			files = (
			);
			inputPaths = (
			);
			name = "[CP] Check Pods Manifest.lock";
			outputPaths = (
			);
			runOnlyForDeploymentPostprocessing = 0;
			shellPath = /bin/sh;
			shellScript = "diff \"${PODS_ROOT}/../Podfile.lock\" \"${PODS_ROOT}/Manifest.lock\" > /dev/null\nif [[ $? != 0 ]] ; then\n    cat << EOM\nerror: The sandbox is not in sync with the Podfile.lock. Run 'pod install' or update your CocoaPods installation.\nEOM\n    exit 1\nfi\n";
			showEnvVarsInLog = 0;
		};
/* End PBXShellScriptBuildPhase section */

/* Begin PBXSourcesBuildPhase section */
		B03C17E31D4ECF50008146A0 /* Sources */ = {
			isa = PBXSourcesBuildPhase;
			buildActionMask = 2147483647;
			files = (
				B0528C6B1D5F496B001726C4 /* SettingsViewController.swift in Sources */,
				B0D4F1591D77131100CF9C6E /* SetTimeLocationViewController.swift in Sources */,
				B03C17F31D4ECF50008146A0 /* NewWeather.xcdatamodeld in Sources */,
				B03C17ED1D4ECF50008146A0 /* MainPageViewController.swift in Sources */,
				B0528C671D5F3F23001726C4 /* SetConstants.swift in Sources */,
				B03C17EB1D4ECF50008146A0 /* AppDelegate.swift in Sources */,
			);
			runOnlyForDeploymentPostprocessing = 0;
		};
		B03C17FA1D4ECF50008146A0 /* Sources */ = {
			isa = PBXSourcesBuildPhase;
			buildActionMask = 2147483647;
			files = (
				B03C18031D4ECF50008146A0 /* NewWeatherTests.swift in Sources */,
			);
			runOnlyForDeploymentPostprocessing = 0;
		};
		B03C18051D4ECF50008146A0 /* Sources */ = {
			isa = PBXSourcesBuildPhase;
			buildActionMask = 2147483647;
			files = (
				B03C180E1D4ECF50008146A0 /* NewWeatherUITests.swift in Sources */,
			);
			runOnlyForDeploymentPostprocessing = 0;
		};
/* End PBXSourcesBuildPhase section */

/* Begin PBXTargetDependency section */
		B03C18001D4ECF50008146A0 /* PBXTargetDependency */ = {
			isa = PBXTargetDependency;
			target = B03C17E61D4ECF50008146A0 /* NewWeather */;
			targetProxy = B03C17FF1D4ECF50008146A0 /* PBXContainerItemProxy */;
		};
		B03C180B1D4ECF50008146A0 /* PBXTargetDependency */ = {
			isa = PBXTargetDependency;
			target = B03C17E61D4ECF50008146A0 /* NewWeather */;
			targetProxy = B03C180A1D4ECF50008146A0 /* PBXContainerItemProxy */;
		};
/* End PBXTargetDependency section */

/* Begin PBXVariantGroup section */
		B03C17EE1D4ECF50008146A0 /* Main.storyboard */ = {
			isa = PBXVariantGroup;
			children = (
				B03C17EF1D4ECF50008146A0 /* Base */,
			);
			name = Main.storyboard;
			sourceTree = "<group>";
		};
		B03C17F61D4ECF50008146A0 /* LaunchScreen.storyboard */ = {
			isa = PBXVariantGroup;
			children = (
				B03C17F71D4ECF50008146A0 /* Base */,
			);
			name = LaunchScreen.storyboard;
			sourceTree = "<group>";
		};
/* End PBXVariantGroup section */

/* Begin XCBuildConfiguration section */
		B03C18101D4ECF50008146A0 /* Debug */ = {
			isa = XCBuildConfiguration;
			buildSettings = {
				ALWAYS_SEARCH_USER_PATHS = NO;
				CLANG_ANALYZER_NONNULL = YES;
				CLANG_CXX_LANGUAGE_STANDARD = "gnu++0x";
				CLANG_CXX_LIBRARY = "libc++";
				CLANG_ENABLE_MODULES = YES;
				CLANG_ENABLE_OBJC_ARC = YES;
				CLANG_WARN_BOOL_CONVERSION = YES;
				CLANG_WARN_CONSTANT_CONVERSION = YES;
				CLANG_WARN_DIRECT_OBJC_ISA_USAGE = YES_ERROR;
				CLANG_WARN_EMPTY_BODY = YES;
				CLANG_WARN_ENUM_CONVERSION = YES;
				CLANG_WARN_INT_CONVERSION = YES;
				CLANG_WARN_OBJC_ROOT_CLASS = YES_ERROR;
				CLANG_WARN_UNREACHABLE_CODE = YES;
				CLANG_WARN__DUPLICATE_METHOD_MATCH = YES;
				"CODE_SIGN_IDENTITY[sdk=iphoneos*]" = "iPhone Developer";
				COPY_PHASE_STRIP = NO;
				DEBUG_INFORMATION_FORMAT = dwarf;
				ENABLE_STRICT_OBJC_MSGSEND = YES;
				ENABLE_TESTABILITY = YES;
				GCC_C_LANGUAGE_STANDARD = gnu99;
				GCC_DYNAMIC_NO_PIC = NO;
				GCC_NO_COMMON_BLOCKS = YES;
				GCC_OPTIMIZATION_LEVEL = 0;
				GCC_PREPROCESSOR_DEFINITIONS = (
					"DEBUG=1",
					"$(inherited)",
				);
				GCC_WARN_64_TO_32_BIT_CONVERSION = YES;
				GCC_WARN_ABOUT_RETURN_TYPE = YES_ERROR;
				GCC_WARN_UNDECLARED_SELECTOR = YES;
				GCC_WARN_UNINITIALIZED_AUTOS = YES_AGGRESSIVE;
				GCC_WARN_UNUSED_FUNCTION = YES;
				GCC_WARN_UNUSED_VARIABLE = YES;
				IPHONEOS_DEPLOYMENT_TARGET = 9.3;
				MTL_ENABLE_DEBUG_INFO = YES;
				ONLY_ACTIVE_ARCH = YES;
				SDKROOT = iphoneos;
				SWIFT_OPTIMIZATION_LEVEL = "-Onone";
				TARGETED_DEVICE_FAMILY = "1,2";
			};
			name = Debug;
		};
		B03C18111D4ECF50008146A0 /* Release */ = {
			isa = XCBuildConfiguration;
			buildSettings = {
				ALWAYS_SEARCH_USER_PATHS = NO;
				CLANG_ANALYZER_NONNULL = YES;
				CLANG_CXX_LANGUAGE_STANDARD = "gnu++0x";
				CLANG_CXX_LIBRARY = "libc++";
				CLANG_ENABLE_MODULES = YES;
				CLANG_ENABLE_OBJC_ARC = YES;
				CLANG_WARN_BOOL_CONVERSION = YES;
				CLANG_WARN_CONSTANT_CONVERSION = YES;
				CLANG_WARN_DIRECT_OBJC_ISA_USAGE = YES_ERROR;
				CLANG_WARN_EMPTY_BODY = YES;
				CLANG_WARN_ENUM_CONVERSION = YES;
				CLANG_WARN_INT_CONVERSION = YES;
				CLANG_WARN_OBJC_ROOT_CLASS = YES_ERROR;
				CLANG_WARN_UNREACHABLE_CODE = YES;
				CLANG_WARN__DUPLICATE_METHOD_MATCH = YES;
				"CODE_SIGN_IDENTITY[sdk=iphoneos*]" = "iPhone Developer";
				COPY_PHASE_STRIP = NO;
				DEBUG_INFORMATION_FORMAT = "dwarf-with-dsym";
				ENABLE_NS_ASSERTIONS = NO;
				ENABLE_STRICT_OBJC_MSGSEND = YES;
				GCC_C_LANGUAGE_STANDARD = gnu99;
				GCC_NO_COMMON_BLOCKS = YES;
				GCC_WARN_64_TO_32_BIT_CONVERSION = YES;
				GCC_WARN_ABOUT_RETURN_TYPE = YES_ERROR;
				GCC_WARN_UNDECLARED_SELECTOR = YES;
				GCC_WARN_UNINITIALIZED_AUTOS = YES_AGGRESSIVE;
				GCC_WARN_UNUSED_FUNCTION = YES;
				GCC_WARN_UNUSED_VARIABLE = YES;
				IPHONEOS_DEPLOYMENT_TARGET = 9.3;
				MTL_ENABLE_DEBUG_INFO = NO;
				SDKROOT = iphoneos;
				TARGETED_DEVICE_FAMILY = "1,2";
				VALIDATE_PRODUCT = YES;
			};
			name = Release;
		};
		B03C18131D4ECF50008146A0 /* Debug */ = {
			isa = XCBuildConfiguration;
			baseConfigurationReference = 20E44A377B032319FEE49088 /* Pods-NewWeather.debug.xcconfig */;
			buildSettings = {
				ASSETCATALOG_COMPILER_APPICON_NAME = AppIcon;
				CODE_SIGN_IDENTITY = "iPhone Developer";
				INFOPLIST_FILE = NewWeather/Info.plist;
				LD_RUNPATH_SEARCH_PATHS = "$(inherited) @executable_path/Frameworks";
				PRODUCT_BUNDLE_IDENTIFIER = com.amrein.kevin.NewWeather;
				PRODUCT_NAME = "$(TARGET_NAME)";
			};
			name = Debug;
		};
		B03C18141D4ECF50008146A0 /* Release */ = {
			isa = XCBuildConfiguration;
			baseConfigurationReference = 7BBA9C03BED8FE872AF4958C /* Pods-NewWeather.release.xcconfig */;
			buildSettings = {
				ASSETCATALOG_COMPILER_APPICON_NAME = AppIcon;
				CODE_SIGN_IDENTITY = "iPhone Developer";
				INFOPLIST_FILE = NewWeather/Info.plist;
				LD_RUNPATH_SEARCH_PATHS = "$(inherited) @executable_path/Frameworks";
				PRODUCT_BUNDLE_IDENTIFIER = com.amrein.kevin.NewWeather;
				PRODUCT_NAME = "$(TARGET_NAME)";
			};
			name = Release;
		};
		B03C18161D4ECF50008146A0 /* Debug */ = {
			isa = XCBuildConfiguration;
			baseConfigurationReference = D7E335B79F6146C3A696B49B /* Pods-NewWeatherTests.debug.xcconfig */;
			buildSettings = {
				BUNDLE_LOADER = "$(TEST_HOST)";
				INFOPLIST_FILE = NewWeatherTests/Info.plist;
				LD_RUNPATH_SEARCH_PATHS = "$(inherited) @executable_path/Frameworks @loader_path/Frameworks";
				PRODUCT_BUNDLE_IDENTIFIER = com.amrein.kevin.NewWeatherTests;
				PRODUCT_NAME = "$(TARGET_NAME)";
				TEST_HOST = "$(BUILT_PRODUCTS_DIR)/NewWeather.app/NewWeather";
			};
			name = Debug;
		};
		B03C18171D4ECF50008146A0 /* Release */ = {
			isa = XCBuildConfiguration;
			baseConfigurationReference = 35F2DEB834081EE6370A15B6 /* Pods-NewWeatherTests.release.xcconfig */;
			buildSettings = {
				BUNDLE_LOADER = "$(TEST_HOST)";
				INFOPLIST_FILE = NewWeatherTests/Info.plist;
				LD_RUNPATH_SEARCH_PATHS = "$(inherited) @executable_path/Frameworks @loader_path/Frameworks";
				PRODUCT_BUNDLE_IDENTIFIER = com.amrein.kevin.NewWeatherTests;
				PRODUCT_NAME = "$(TARGET_NAME)";
				TEST_HOST = "$(BUILT_PRODUCTS_DIR)/NewWeather.app/NewWeather";
			};
			name = Release;
		};
		B03C18191D4ECF50008146A0 /* Debug */ = {
			isa = XCBuildConfiguration;
			baseConfigurationReference = F3E44D6245696C40204A495A /* Pods-NewWeatherUITests.debug.xcconfig */;
			buildSettings = {
				INFOPLIST_FILE = NewWeatherUITests/Info.plist;
				LD_RUNPATH_SEARCH_PATHS = "$(inherited) @executable_path/Frameworks @loader_path/Frameworks";
				PRODUCT_BUNDLE_IDENTIFIER = com.amrein.kevin.NewWeatherUITests;
				PRODUCT_NAME = "$(TARGET_NAME)";
				TEST_TARGET_NAME = NewWeather;
			};
			name = Debug;
		};
		B03C181A1D4ECF50008146A0 /* Release */ = {
			isa = XCBuildConfiguration;
			baseConfigurationReference = 3D0DE8F88621081CF0E6A9BD /* Pods-NewWeatherUITests.release.xcconfig */;
			buildSettings = {
				INFOPLIST_FILE = NewWeatherUITests/Info.plist;
				LD_RUNPATH_SEARCH_PATHS = "$(inherited) @executable_path/Frameworks @loader_path/Frameworks";
				PRODUCT_BUNDLE_IDENTIFIER = com.amrein.kevin.NewWeatherUITests;
				PRODUCT_NAME = "$(TARGET_NAME)";
				TEST_TARGET_NAME = NewWeather;
			};
			name = Release;
		};
/* End XCBuildConfiguration section */

/* Begin XCConfigurationList section */
		B03C17E21D4ECF50008146A0 /* Build configuration list for PBXProject "NewWeather" */ = {
			isa = XCConfigurationList;
			buildConfigurations = (
				B03C18101D4ECF50008146A0 /* Debug */,
				B03C18111D4ECF50008146A0 /* Release */,
			);
			defaultConfigurationIsVisible = 0;
			defaultConfigurationName = Release;
		};
		B03C18121D4ECF50008146A0 /* Build configuration list for PBXNativeTarget "NewWeather" */ = {
			isa = XCConfigurationList;
			buildConfigurations = (
				B03C18131D4ECF50008146A0 /* Debug */,
				B03C18141D4ECF50008146A0 /* Release */,
			);
			defaultConfigurationIsVisible = 0;
			defaultConfigurationName = Release;
		};
		B03C18151D4ECF50008146A0 /* Build configuration list for PBXNativeTarget "NewWeatherTests" */ = {
			isa = XCConfigurationList;
			buildConfigurations = (
				B03C18161D4ECF50008146A0 /* Debug */,
				B03C18171D4ECF50008146A0 /* Release */,
			);
			defaultConfigurationIsVisible = 0;
			defaultConfigurationName = Release;
		};
		B03C18181D4ECF50008146A0 /* Build configuration list for PBXNativeTarget "NewWeatherUITests" */ = {
			isa = XCConfigurationList;
			buildConfigurations = (
				B03C18191D4ECF50008146A0 /* Debug */,
				B03C181A1D4ECF50008146A0 /* Release */,
			);
			defaultConfigurationIsVisible = 0;
			defaultConfigurationName = Release;
		};
/* End XCConfigurationList section */

/* Begin XCVersionGroup section */
		B03C17F11D4ECF50008146A0 /* NewWeather.xcdatamodeld */ = {
			isa = XCVersionGroup;
			children = (
				B03C17F21D4ECF50008146A0 /* NewWeather.xcdatamodel */,
			);
			currentVersion = B03C17F21D4ECF50008146A0 /* NewWeather.xcdatamodel */;
			path = NewWeather.xcdatamodeld;
			sourceTree = "<group>";
			versionGroupType = wrapper.xcdatamodel;
		};
/* End XCVersionGroup section */
	};
	rootObject = B03C17DF1D4ECF50008146A0 /* Project object */;
}
