// !$*UTF8*$!
{
	archiveVersion = 1;
	classes = {
	};
	objectVersion = 46;
	objects = {

/* Begin PBXBuildFile section */
		B03C17EB1D4ECF50008146A0 /* AppDelegate.swift in Sources */ = {isa = PBXBuildFile; fileRef = B03C17EA1D4ECF50008146A0 /* AppDelegate.swift */; };
		B03C17F01D4ECF50008146A0 /* Main.storyboard in Resources */ = {isa = PBXBuildFile; fileRef = B03C17EE1D4ECF50008146A0 /* Main.storyboard */; };
		B03C17F31D4ECF50008146A0 /* NewWeather.xcdatamodeld in Sources */ = {isa = PBXBuildFile; fileRef = B03C17F11D4ECF50008146A0 /* NewWeather.xcdatamodeld */; };
		B03C17F51D4ECF50008146A0 /* Assets.xcassets in Resources */ = {isa = PBXBuildFile; fileRef = B03C17F41D4ECF50008146A0 /* Assets.xcassets */; };
		B03C17F81D4ECF50008146A0 /* LaunchScreen.storyboard in Resources */ = {isa = PBXBuildFile; fileRef = B03C17F61D4ECF50008146A0 /* LaunchScreen.storyboard */; };
		B03C18031D4ECF50008146A0 /* NewWeatherTests.swift in Sources */ = {isa = PBXBuildFile; fileRef = B03C18021D4ECF50008146A0 /* NewWeatherTests.swift */; };
		B03C180E1D4ECF50008146A0 /* NewWeatherUITests.swift in Sources */ = {isa = PBXBuildFile; fileRef = B03C180D1D4ECF50008146A0 /* NewWeatherUITests.swift */; };
		B0AE18F11DE235E900EBE641 /* LocationSearchTable.swift in Sources */ = {isa = PBXBuildFile; fileRef = B0AE18F01DE235E900EBE641 /* LocationSearchTable.swift */; };
		B0E4F1AF1DE1C967001D25CA /* SetTimeLocationViewController.swift in Sources */ = {isa = PBXBuildFile; fileRef = B0E4F1AB1DE1C967001D25CA /* SetTimeLocationViewController.swift */; };
		B0E4F1B01DE1C967001D25CA /* SetConstants.swift in Sources */ = {isa = PBXBuildFile; fileRef = B0E4F1AC1DE1C967001D25CA /* SetConstants.swift */; };
		B0E4F1B11DE1C967001D25CA /* MainPageViewController.swift in Sources */ = {isa = PBXBuildFile; fileRef = B0E4F1AD1DE1C967001D25CA /* MainPageViewController.swift */; };
		B0E4F1B21DE1C967001D25CA /* SettingsViewController.swift in Sources */ = {isa = PBXBuildFile; fileRef = B0E4F1AE1DE1C967001D25CA /* SettingsViewController.swift */; };
/* End PBXBuildFile section */

/* Begin PBXContainerItemProxy section */
		B03C17FF1D4ECF50008146A0 /* PBXContainerItemProxy */ = {
			isa = PBXContainerItemProxy;
			containerPortal = B03C17DF1D4ECF50008146A0 /* Project object */;
			proxyType = 1;
			remoteGlobalIDString = B03C17E61D4ECF50008146A0;
			remoteInfo = NewWeather;
		};
		B03C180A1D4ECF50008146A0 /* PBXContainerItemProxy */ = {
			isa = PBXContainerItemProxy;
			containerPortal = B03C17DF1D4ECF50008146A0 /* Project object */;
			proxyType = 1;
			remoteGlobalIDString = B03C17E61D4ECF50008146A0;
			remoteInfo = NewWeather;
		};
/* End PBXContainerItemProxy section */

/* Begin PBXFileReference section */
		B03C17E71D4ECF50008146A0 /* NewWeather.app */ = {isa = PBXFileReference; explicitFileType = wrapper.application; includeInIndex = 0; path = NewWeather.app; sourceTree = BUILT_PRODUCTS_DIR; };
		B03C17EA1D4ECF50008146A0 /* AppDelegate.swift */ = {isa = PBXFileReference; lastKnownFileType = sourcecode.swift; path = AppDelegate.swift; sourceTree = "<group>"; };
		B03C17EF1D4ECF50008146A0 /* Base */ = {isa = PBXFileReference; lastKnownFileType = file.storyboard; name = Base; path = Base.lproj/Main.storyboard; sourceTree = "<group>"; };
		B03C17F21D4ECF50008146A0 /* NewWeather.xcdatamodel */ = {isa = PBXFileReference; lastKnownFileType = wrapper.xcdatamodel; path = NewWeather.xcdatamodel; sourceTree = "<group>"; };
		B03C17F41D4ECF50008146A0 /* Assets.xcassets */ = {isa = PBXFileReference; lastKnownFileType = folder.assetcatalog; path = Assets.xcassets; sourceTree = "<group>"; };
		B03C17F71D4ECF50008146A0 /* Base */ = {isa = PBXFileReference; lastKnownFileType = file.storyboard; name = Base; path = Base.lproj/LaunchScreen.storyboard; sourceTree = "<group>"; };
		B03C17F91D4ECF50008146A0 /* Info.plist */ = {isa = PBXFileReference; lastKnownFileType = text.plist.xml; path = Info.plist; sourceTree = "<group>"; };
		B03C17FE1D4ECF50008146A0 /* NewWeatherTests.xctest */ = {isa = PBXFileReference; explicitFileType = wrapper.cfbundle; includeInIndex = 0; path = NewWeatherTests.xctest; sourceTree = BUILT_PRODUCTS_DIR; };
		B03C18021D4ECF50008146A0 /* NewWeatherTests.swift */ = {isa = PBXFileReference; lastKnownFileType = sourcecode.swift; path = NewWeatherTests.swift; sourceTree = "<group>"; };
		B03C18041D4ECF50008146A0 /* Info.plist */ = {isa = PBXFileReference; lastKnownFileType = text.plist.xml; path = Info.plist; sourceTree = "<group>"; };
		B03C18091D4ECF50008146A0 /* NewWeatherUITests.xctest */ = {isa = PBXFileReference; explicitFileType = wrapper.cfbundle; includeInIndex = 0; path = NewWeatherUITests.xctest; sourceTree = BUILT_PRODUCTS_DIR; };
		B03C180D1D4ECF50008146A0 /* NewWeatherUITests.swift */ = {isa = PBXFileReference; lastKnownFileType = sourcecode.swift; path = NewWeatherUITests.swift; sourceTree = "<group>"; };
		B03C180F1D4ECF50008146A0 /* Info.plist */ = {isa = PBXFileReference; lastKnownFileType = text.plist.xml; path = Info.plist; sourceTree = "<group>"; };
		B0AE18F01DE235E900EBE641 /* LocationSearchTable.swift */ = {isa = PBXFileReference; fileEncoding = 4; lastKnownFileType = sourcecode.swift; path = LocationSearchTable.swift; sourceTree = "<group>"; };
		B0E4F1AB1DE1C967001D25CA /* SetTimeLocationViewController.swift */ = {isa = PBXFileReference; fileEncoding = 4; lastKnownFileType = sourcecode.swift; path = SetTimeLocationViewController.swift; sourceTree = "<group>"; };
		B0E4F1AC1DE1C967001D25CA /* SetConstants.swift */ = {isa = PBXFileReference; fileEncoding = 4; lastKnownFileType = sourcecode.swift; path = SetConstants.swift; sourceTree = "<group>"; };
		B0E4F1AD1DE1C967001D25CA /* MainPageViewController.swift */ = {isa = PBXFileReference; fileEncoding = 4; lastKnownFileType = sourcecode.swift; path = MainPageViewController.swift; sourceTree = "<group>"; };
		B0E4F1AE1DE1C967001D25CA /* SettingsViewController.swift */ = {isa = PBXFileReference; fileEncoding = 4; lastKnownFileType = sourcecode.swift; path = SettingsViewController.swift; sourceTree = "<group>"; };
/* End PBXFileReference section */

/* Begin PBXFrameworksBuildPhase section */
		B03C17E41D4ECF50008146A0 /* Frameworks */ = {
			isa = PBXFrameworksBuildPhase;
			buildActionMask = 2147483647;
			files = (
			);
			runOnlyForDeploymentPostprocessing = 0;
		};
		B03C17FB1D4ECF50008146A0 /* Frameworks */ = {
			isa = PBXFrameworksBuildPhase;
			buildActionMask = 2147483647;
			files = (
			);
			runOnlyForDeploymentPostprocessing = 0;
		};
		B03C18061D4ECF50008146A0 /* Frameworks */ = {
			isa = PBXFrameworksBuildPhase;
			buildActionMask = 2147483647;
			files = (
			);
			runOnlyForDeploymentPostprocessing = 0;
		};
/* End PBXFrameworksBuildPhase section */

/* Begin PBXGroup section */
		B03C17DE1D4ECF50008146A0 = {
			isa = PBXGroup;
			children = (
				B03C17E91D4ECF50008146A0 /* NewWeather */,
				B03C18011D4ECF50008146A0 /* NewWeatherTests */,
				B03C180C1D4ECF50008146A0 /* NewWeatherUITests */,
				B03C17E81D4ECF50008146A0 /* Products */,
			);
			sourceTree = "<group>";
		};
		B03C17E81D4ECF50008146A0 /* Products */ = {
			isa = PBXGroup;
			children = (
				B03C17E71D4ECF50008146A0 /* NewWeather.app */,
				B03C17FE1D4ECF50008146A0 /* NewWeatherTests.xctest */,
				B03C18091D4ECF50008146A0 /* NewWeatherUITests.xctest */,
			);
			name = Products;
			sourceTree = "<group>";
		};
		B03C17E91D4ECF50008146A0 /* NewWeather */ = {
			isa = PBXGroup;
			children = (
				B0E4F1B31DE1C996001D25CA /* View Controllers */,
				B0E4F1AC1DE1C967001D25CA /* SetConstants.swift */,
				B03C17EA1D4ECF50008146A0 /* AppDelegate.swift */,
				B03C17EE1D4ECF50008146A0 /* Main.storyboard */,
				B03C17F41D4ECF50008146A0 /* Assets.xcassets */,
				B03C17F61D4ECF50008146A0 /* LaunchScreen.storyboard */,
				B03C17F91D4ECF50008146A0 /* Info.plist */,
				B03C17F11D4ECF50008146A0 /* NewWeather.xcdatamodeld */,
			);
			path = NewWeather;
			sourceTree = "<group>";
		};
		B03C18011D4ECF50008146A0 /* NewWeatherTests */ = {
			isa = PBXGroup;
			children = (
				B03C18021D4ECF50008146A0 /* NewWeatherTests.swift */,
				B03C18041D4ECF50008146A0 /* Info.plist */,
			);
			path = NewWeatherTests;
			sourceTree = "<group>";
		};
		B03C180C1D4ECF50008146A0 /* NewWeatherUITests */ = {
			isa = PBXGroup;
			children = (
				B03C180D1D4ECF50008146A0 /* NewWeatherUITests.swift */,
				B03C180F1D4ECF50008146A0 /* Info.plist */,
			);
			path = NewWeatherUITests;
			sourceTree = "<group>";
		};
		B0E4F1B31DE1C996001D25CA /* View Controllers */ = {
			isa = PBXGroup;
			children = (
				B0E4F1AB1DE1C967001D25CA /* SetTimeLocationViewController.swift */,
				B0E4F1AD1DE1C967001D25CA /* MainPageViewController.swift */,
				B0E4F1AE1DE1C967001D25CA /* SettingsViewController.swift */,
				B0AE18F01DE235E900EBE641 /* LocationSearchTable.swift */,
			);
			name = "View Controllers";
			sourceTree = "<group>";
		};
/* End PBXGroup section */

/* Begin PBXNativeTarget section */
		B03C17E61D4ECF50008146A0 /* NewWeather */ = {
			isa = PBXNativeTarget;
			buildConfigurationList = B03C18121D4ECF50008146A0 /* Build configuration list for PBXNativeTarget "NewWeather" */;
			buildPhases = (
				B03C17E31D4ECF50008146A0 /* Sources */,
				B03C17E41D4ECF50008146A0 /* Frameworks */,
				B03C17E51D4ECF50008146A0 /* Resources */,
			);
			buildRules = (
			);
			dependencies = (
			);
			name = NewWeather;
			productName = NewWeather;
			productReference = B03C17E71D4ECF50008146A0 /* NewWeather.app */;
			productType = "com.apple.product-type.application";
		};
		B03C17FD1D4ECF50008146A0 /* NewWeatherTests */ = {
			isa = PBXNativeTarget;
			buildConfigurationList = B03C18151D4ECF50008146A0 /* Build configuration list for PBXNativeTarget "NewWeatherTests" */;
			buildPhases = (
				B03C17FA1D4ECF50008146A0 /* Sources */,
				B03C17FB1D4ECF50008146A0 /* Frameworks */,
				B03C17FC1D4ECF50008146A0 /* Resources */,
			);
			buildRules = (
			);
			dependencies = (
				B03C18001D4ECF50008146A0 /* PBXTargetDependency */,
			);
			name = NewWeatherTests;
			productName = NewWeatherTests;
			productReference = B03C17FE1D4ECF50008146A0 /* NewWeatherTests.xctest */;
			productType = "com.apple.product-type.bundle.unit-test";
		};
		B03C18081D4ECF50008146A0 /* NewWeatherUITests */ = {
			isa = PBXNativeTarget;
			buildConfigurationList = B03C18181D4ECF50008146A0 /* Build configuration list for PBXNativeTarget "NewWeatherUITests" */;
			buildPhases = (
				B03C18051D4ECF50008146A0 /* Sources */,
				B03C18061D4ECF50008146A0 /* Frameworks */,
				B03C18071D4ECF50008146A0 /* Resources */,
			);
			buildRules = (
			);
			dependencies = (
				B03C180B1D4ECF50008146A0 /* PBXTargetDependency */,
			);
			name = NewWeatherUITests;
			productName = NewWeatherUITests;
			productReference = B03C18091D4ECF50008146A0 /* NewWeatherUITests.xctest */;
			productType = "com.apple.product-type.bundle.ui-testing";
		};
/* End PBXNativeTarget section */

/* Begin PBXProject section */
		B03C17DF1D4ECF50008146A0 /* Project object */ = {
			isa = PBXProject;
			attributes = {
				LastSwiftUpdateCheck = 0730;
				LastUpgradeCheck = 0810;
				ORGANIZATIONNAME = "Kevin Amrein";
				TargetAttributes = {
					B03C17E61D4ECF50008146A0 = {
						CreatedOnToolsVersion = 7.3.1;
						DevelopmentTeam = TBTM6MT2W8;
						LastSwiftMigration = 0810;
					};
					B03C17FD1D4ECF50008146A0 = {
						CreatedOnToolsVersion = 7.3.1;
						LastSwiftMigration = 0810;
						TestTargetID = B03C17E61D4ECF50008146A0;
					};
					B03C18081D4ECF50008146A0 = {
						CreatedOnToolsVersion = 7.3.1;
						LastSwiftMigration = 0810;
						TestTargetID = B03C17E61D4ECF50008146A0;
					};
				};
			};
			buildConfigurationList = B03C17E21D4ECF50008146A0 /* Build configuration list for PBXProject "NewWeather" */;
			compatibilityVersion = "Xcode 3.2";
			developmentRegion = English;
			hasScannedForEncodings = 0;
			knownRegions = (
				en,
				Base,
			);
			mainGroup = B03C17DE1D4ECF50008146A0;
			productRefGroup = B03C17E81D4ECF50008146A0 /* Products */;
			projectDirPath = "";
			projectRoot = "";
			targets = (
				B03C17E61D4ECF50008146A0 /* NewWeather */,
				B03C17FD1D4ECF50008146A0 /* NewWeatherTests */,
				B03C18081D4ECF50008146A0 /* NewWeatherUITests */,
			);
		};
/* End PBXProject section */

/* Begin PBXResourcesBuildPhase section */
		B03C17E51D4ECF50008146A0 /* Resources */ = {
			isa = PBXResourcesBuildPhase;
			buildActionMask = 2147483647;
			files = (
				B03C17F81D4ECF50008146A0 /* LaunchScreen.storyboard in Resources */,
				B03C17F51D4ECF50008146A0 /* Assets.xcassets in Resources */,
				B03C17F01D4ECF50008146A0 /* Main.storyboard in Resources */,
			);
			runOnlyForDeploymentPostprocessing = 0;
		};
		B03C17FC1D4ECF50008146A0 /* Resources */ = {
			isa = PBXResourcesBuildPhase;
			buildActionMask = 2147483647;
			files = (
			);
			runOnlyForDeploymentPostprocessing = 0;
		};
		B03C18071D4ECF50008146A0 /* Resources */ = {
			isa = PBXResourcesBuildPhase;
			buildActionMask = 2147483647;
			files = (
			);
			runOnlyForDeploymentPostprocessing = 0;
		};
/* End PBXResourcesBuildPhase section */

/* Begin PBXSourcesBuildPhase section */
		B03C17E31D4ECF50008146A0 /* Sources */ = {
			isa = PBXSourcesBuildPhase;
			buildActionMask = 2147483647;
			files = (
				B0AE18F11DE235E900EBE641 /* LocationSearchTable.swift in Sources */,
				B03C17F31D4ECF50008146A0 /* NewWeather.xcdatamodeld in Sources */,
				B0E4F1AF1DE1C967001D25CA /* SetTimeLocationViewController.swift in Sources */,
				B0E4F1B21DE1C967001D25CA /* SettingsViewController.swift in Sources */,
				B03C17EB1D4ECF50008146A0 /* AppDelegate.swift in Sources */,
				B0E4F1B11DE1C967001D25CA /* MainPageViewController.swift in Sources */,
				B0E4F1B01DE1C967001D25CA /* SetConstants.swift in Sources */,
			);
			runOnlyForDeploymentPostprocessing = 0;
		};
		B03C17FA1D4ECF50008146A0 /* Sources */ = {
			isa = PBXSourcesBuildPhase;
			buildActionMask = 2147483647;
			files = (
				B03C18031D4ECF50008146A0 /* NewWeatherTests.swift in Sources */,
			);
			runOnlyForDeploymentPostprocessing = 0;
		};
		B03C18051D4ECF50008146A0 /* Sources */ = {
			isa = PBXSourcesBuildPhase;
			buildActionMask = 2147483647;
			files = (
				B03C180E1D4ECF50008146A0 /* NewWeatherUITests.swift in Sources */,
			);
			runOnlyForDeploymentPostprocessing = 0;
		};
/* End PBXSourcesBuildPhase section */

/* Begin PBXTargetDependency section */
		B03C18001D4ECF50008146A0 /* PBXTargetDependency */ = {
			isa = PBXTargetDependency;
			target = B03C17E61D4ECF50008146A0 /* NewWeather */;
			targetProxy = B03C17FF1D4ECF50008146A0 /* PBXContainerItemProxy */;
		};
		B03C180B1D4ECF50008146A0 /* PBXTargetDependency */ = {
			isa = PBXTargetDependency;
			target = B03C17E61D4ECF50008146A0 /* NewWeather */;
			targetProxy = B03C180A1D4ECF50008146A0 /* PBXContainerItemProxy */;
		};
/* End PBXTargetDependency section */

/* Begin PBXVariantGroup section */
		B03C17EE1D4ECF50008146A0 /* Main.storyboard */ = {
			isa = PBXVariantGroup;
			children = (
				B03C17EF1D4ECF50008146A0 /* Base */,
			);
			name = Main.storyboard;
			sourceTree = "<group>";
		};
		B03C17F61D4ECF50008146A0 /* LaunchScreen.storyboard */ = {
			isa = PBXVariantGroup;
			children = (
				B03C17F71D4ECF50008146A0 /* Base */,
			);
			name = LaunchScreen.storyboard;
			sourceTree = "<group>";
		};
/* End PBXVariantGroup section */

/* Begin XCBuildConfiguration section */
		B03C18101D4ECF50008146A0 /* Debug */ = {
			isa = XCBuildConfiguration;
			buildSettings = {
				ALWAYS_SEARCH_USER_PATHS = NO;
				CLANG_ANALYZER_NONNULL = YES;
				CLANG_CXX_LANGUAGE_STANDARD = "gnu++0x";
				CLANG_CXX_LIBRARY = "libc++";
				CLANG_ENABLE_MODULES = YES;
				CLANG_ENABLE_OBJC_ARC = YES;
				CLANG_WARN_BOOL_CONVERSION = YES;
				CLANG_WARN_CONSTANT_CONVERSION = YES;
				CLANG_WARN_DIRECT_OBJC_ISA_USAGE = YES_ERROR;
				CLANG_WARN_EMPTY_BODY = YES;
				CLANG_WARN_ENUM_CONVERSION = YES;
				CLANG_WARN_INFINITE_RECURSION = YES;
				CLANG_WARN_INT_CONVERSION = YES;
				CLANG_WARN_OBJC_ROOT_CLASS = YES_ERROR;
				CLANG_WARN_SUSPICIOUS_MOVE = YES;
				CLANG_WARN_UNREACHABLE_CODE = YES;
				CLANG_WARN__DUPLICATE_METHOD_MATCH = YES;
				"CODE_SIGN_IDENTITY[sdk=iphoneos*]" = "iPhone Developer";
				COPY_PHASE_STRIP = NO;
				DEBUG_INFORMATION_FORMAT = dwarf;
				ENABLE_STRICT_OBJC_MSGSEND = YES;
				ENABLE_TESTABILITY = YES;
				GCC_C_LANGUAGE_STANDARD = gnu99;
				GCC_DYNAMIC_NO_PIC = NO;
				GCC_NO_COMMON_BLOCKS = YES;
				GCC_OPTIMIZATION_LEVEL = 0;
				GCC_PREPROCESSOR_DEFINITIONS = (
					"DEBUG=1",
					"$(inherited)",
				);
				GCC_WARN_64_TO_32_BIT_CONVERSION = YES;
				GCC_WARN_ABOUT_RETURN_TYPE = YES_ERROR;
				GCC_WARN_UNDECLARED_SELECTOR = YES;
				GCC_WARN_UNINITIALIZED_AUTOS = YES_AGGRESSIVE;
				GCC_WARN_UNUSED_FUNCTION = YES;
				GCC_WARN_UNUSED_VARIABLE = YES;
				IPHONEOS_DEPLOYMENT_TARGET = 10.1;
				MTL_ENABLE_DEBUG_INFO = YES;
				ONLY_ACTIVE_ARCH = YES;
				SDKROOT = iphoneos;
				SWIFT_OPTIMIZATION_LEVEL = "-Onone";
				TARGETED_DEVICE_FAMILY = "1,2";
			};
			name = Debug;
		};
		B03C18111D4ECF50008146A0 /* Release */ = {
			isa = XCBuildConfiguration;
			buildSettings = {
				ALWAYS_SEARCH_USER_PATHS = NO;
				CLANG_ANALYZER_NONNULL = YES;
				CLANG_CXX_LANGUAGE_STANDARD = "gnu++0x";
				CLANG_CXX_LIBRARY = "libc++";
				CLANG_ENABLE_MODULES = YES;
				CLANG_ENABLE_OBJC_ARC = YES;
				CLANG_WARN_BOOL_CONVERSION = YES;
				CLANG_WARN_CONSTANT_CONVERSION = YES;
				CLANG_WARN_DIRECT_OBJC_ISA_USAGE = YES_ERROR;
				CLANG_WARN_EMPTY_BODY = YES;
				CLANG_WARN_ENUM_CONVERSION = YES;
				CLANG_WARN_INFINITE_RECURSION = YES;
				CLANG_WARN_INT_CONVERSION = YES;
				CLANG_WARN_OBJC_ROOT_CLASS = YES_ERROR;
				CLANG_WARN_SUSPICIOUS_MOVE = YES;
				CLANG_WARN_UNREACHABLE_CODE = YES;
				CLANG_WARN__DUPLICATE_METHOD_MATCH = YES;
				"CODE_SIGN_IDENTITY[sdk=iphoneos*]" = "iPhone Developer";
				COPY_PHASE_STRIP = NO;
				DEBUG_INFORMATION_FORMAT = "dwarf-with-dsym";
				ENABLE_NS_ASSERTIONS = NO;
				ENABLE_STRICT_OBJC_MSGSEND = YES;
				GCC_C_LANGUAGE_STANDARD = gnu99;
				GCC_NO_COMMON_BLOCKS = YES;
				GCC_WARN_64_TO_32_BIT_CONVERSION = YES;
				GCC_WARN_ABOUT_RETURN_TYPE = YES_ERROR;
				GCC_WARN_UNDECLARED_SELECTOR = YES;
				GCC_WARN_UNINITIALIZED_AUTOS = YES_AGGRESSIVE;
				GCC_WARN_UNUSED_FUNCTION = YES;
				GCC_WARN_UNUSED_VARIABLE = YES;
				IPHONEOS_DEPLOYMENT_TARGET = 10.1;
				MTL_ENABLE_DEBUG_INFO = NO;
				SDKROOT = iphoneos;
				SWIFT_OPTIMIZATION_LEVEL = "-Owholemodule";
				TARGETED_DEVICE_FAMILY = "1,2";
				VALIDATE_PRODUCT = YES;
			};
			name = Release;
		};
		B03C18131D4ECF50008146A0 /* Debug */ = {
			isa = XCBuildConfiguration;
			buildSettings = {
				ASSETCATALOG_COMPILER_APPICON_NAME = AppIcon;
				DEVELOPMENT_TEAM = TBTM6MT2W8;
				INFOPLIST_FILE = NewWeather/Info.plist;
				IPHONEOS_DEPLOYMENT_TARGET = 9.3;
				LD_RUNPATH_SEARCH_PATHS = "$(inherited) @executable_path/Frameworks";
				PRODUCT_BUNDLE_IDENTIFIER = com.amrein.kevin.NewWeather;
				PRODUCT_NAME = "$(TARGET_NAME)";
				SWIFT_VERSION = 3.0;
			};
			name = Debug;
		};
		B03C18141D4ECF50008146A0 /* Release */ = {
			isa = XCBuildConfiguration;
			buildSettings = {
				ASSETCATALOG_COMPILER_APPICON_NAME = AppIcon;
				DEVELOPMENT_TEAM = TBTM6MT2W8;
				INFOPLIST_FILE = NewWeather/Info.plist;
				IPHONEOS_DEPLOYMENT_TARGET = 9.3;
				LD_RUNPATH_SEARCH_PATHS = "$(inherited) @executable_path/Frameworks";
				PRODUCT_BUNDLE_IDENTIFIER = com.amrein.kevin.NewWeather;
				PRODUCT_NAME = "$(TARGET_NAME)";
				SWIFT_VERSION = 3.0;
			};
			name = Release;
		};
		B03C18161D4ECF50008146A0 /* Debug */ = {
			isa = XCBuildConfiguration;
			buildSettings = {
				BUNDLE_LOADER = "$(TEST_HOST)";
				INFOPLIST_FILE = NewWeatherTests/Info.plist;
				LD_RUNPATH_SEARCH_PATHS = "$(inherited) @executable_path/Frameworks @loader_path/Frameworks";
				PRODUCT_BUNDLE_IDENTIFIER = com.amrein.kevin.NewWeatherTests;
				PRODUCT_NAME = "$(TARGET_NAME)";
				SWIFT_VERSION = 3.0;
				TEST_HOST = "$(BUILT_PRODUCTS_DIR)/NewWeather.app/NewWeather";
			};
			name = Debug;
		};
		B03C18171D4ECF50008146A0 /* Release */ = {
			isa = XCBuildConfiguration;
			buildSettings = {
				BUNDLE_LOADER = "$(TEST_HOST)";
				INFOPLIST_FILE = NewWeatherTests/Info.plist;
				LD_RUNPATH_SEARCH_PATHS = "$(inherited) @executable_path/Frameworks @loader_path/Frameworks";
				PRODUCT_BUNDLE_IDENTIFIER = com.amrein.kevin.NewWeatherTests;
				PRODUCT_NAME = "$(TARGET_NAME)";
				SWIFT_VERSION = 3.0;
				TEST_HOST = "$(BUILT_PRODUCTS_DIR)/NewWeather.app/NewWeather";
			};
			name = Release;
		};
		B03C18191D4ECF50008146A0 /* Debug */ = {
			isa = XCBuildConfiguration;
			buildSettings = {
				INFOPLIST_FILE = NewWeatherUITests/Info.plist;
				LD_RUNPATH_SEARCH_PATHS = "$(inherited) @executable_path/Frameworks @loader_path/Frameworks";
				PRODUCT_BUNDLE_IDENTIFIER = com.amrein.kevin.NewWeatherUITests;
				PRODUCT_NAME = "$(TARGET_NAME)";
				SWIFT_VERSION = 3.0;
				TEST_TARGET_NAME = NewWeather;
			};
			name = Debug;
		};
		B03C181A1D4ECF50008146A0 /* Release */ = {
			isa = XCBuildConfiguration;
			buildSettings = {
				INFOPLIST_FILE = NewWeatherUITests/Info.plist;
				LD_RUNPATH_SEARCH_PATHS = "$(inherited) @executable_path/Frameworks @loader_path/Frameworks";
				PRODUCT_BUNDLE_IDENTIFIER = com.amrein.kevin.NewWeatherUITests;
				PRODUCT_NAME = "$(TARGET_NAME)";
				SWIFT_VERSION = 3.0;
				TEST_TARGET_NAME = NewWeather;
			};
			name = Release;
		};
/* End XCBuildConfiguration section */

/* Begin XCConfigurationList section */
		B03C17E21D4ECF50008146A0 /* Build configuration list for PBXProject "NewWeather" */ = {
			isa = XCConfigurationList;
			buildConfigurations = (
				B03C18101D4ECF50008146A0 /* Debug */,
				B03C18111D4ECF50008146A0 /* Release */,
			);
			defaultConfigurationIsVisible = 0;
			defaultConfigurationName = Release;
		};
		B03C18121D4ECF50008146A0 /* Build configuration list for PBXNativeTarget "NewWeather" */ = {
			isa = XCConfigurationList;
			buildConfigurations = (
				B03C18131D4ECF50008146A0 /* Debug */,
				B03C18141D4ECF50008146A0 /* Release */,
			);
			defaultConfigurationIsVisible = 0;
			defaultConfigurationName = Release;
		};
		B03C18151D4ECF50008146A0 /* Build configuration list for PBXNativeTarget "NewWeatherTests" */ = {
			isa = XCConfigurationList;
			buildConfigurations = (
				B03C18161D4ECF50008146A0 /* Debug */,
				B03C18171D4ECF50008146A0 /* Release */,
			);
			defaultConfigurationIsVisible = 0;
			defaultConfigurationName = Release;
		};
		B03C18181D4ECF50008146A0 /* Build configuration list for PBXNativeTarget "NewWeatherUITests" */ = {
			isa = XCConfigurationList;
			buildConfigurations = (
				B03C18191D4ECF50008146A0 /* Debug */,
				B03C181A1D4ECF50008146A0 /* Release */,
			);
			defaultConfigurationIsVisible = 0;
			defaultConfigurationName = Release;
		};
/* End XCConfigurationList section */

/* Begin XCVersionGroup section */
		B03C17F11D4ECF50008146A0 /* NewWeather.xcdatamodeld */ = {
			isa = XCVersionGroup;
			children = (
				B03C17F21D4ECF50008146A0 /* NewWeather.xcdatamodel */,
			);
			currentVersion = B03C17F21D4ECF50008146A0 /* NewWeather.xcdatamodel */;
			path = NewWeather.xcdatamodeld;
			sourceTree = "<group>";
			versionGroupType = wrapper.xcdatamodel;
		};
/* End XCVersionGroup section */
	};
	rootObject = B03C17DF1D4ECF50008146A0 /* Project object */;
}
